
Microsoft Visual Studio Solution File, Format Version 12.00
# Visual Studio Version 17
VisualStudioVersion = 17.8.34408.163
MinimumVisualStudioVersion = 10.0.40219.1
Project("{9A19103F-16F7-4668-BE54-9A1E7A4F7556}") = "GoPlayAsia", "GoPlayAsia\GoPlayAsia.csproj", "{BC718F42-C89C-4B16-9002-575191AB30E8}"
EndProject
Project("{9A19103F-16F7-4668-BE54-9A1E7A4F7556}") = "GoPlayAsia.Client", "GoPlayAsia.Client\GoPlayAsia.Client.csproj", "{BDE73194-92D1-4BB7-B6A9-C05D3CE38F12}"
EndProject
Global
	GlobalSection(SolutionConfigurationPlatforms) = preSolution
		Debug|Any CPU = Debug|Any CPU
		Release|Any CPU = Release|Any CPU
	EndGlobalSection
	GlobalSection(ProjectConfigurationPlatforms) = postSolution
		{BC718F42-C89C-4B16-9002-575191AB30E8}.Debug|Any CPU.ActiveCfg = Debug|Any CPU
		{BC718F42-C89C-4B16-9002-575191AB30E8}.Debug|Any CPU.Build.0 = Debug|Any CPU
		{BC718F42-C89C-4B16-9002-575191AB30E8}.Release|Any CPU.ActiveCfg = Release|Any CPU
		{BC718F42-C89C-4B16-9002-575191AB30E8}.Release|Any CPU.Build.0 = Release|Any CPU
		{BDE73194-92D1-4BB7-B6A9-C05D3CE38F12}.Debug|Any CPU.ActiveCfg = Debug|Any CPU
		{BDE73194-92D1-4BB7-B6A9-C05D3CE38F12}.Debug|Any CPU.Build.0 = Debug|Any CPU
		{BDE73194-92D1-4BB7-B6A9-C05D3CE38F12}.Release|Any CPU.ActiveCfg = Release|Any CPU
		{BDE73194-92D1-4BB7-B6A9-C05D3CE38F12}.Release|Any CPU.Build.0 = Release|Any CPU
	EndGlobalSection
	GlobalSection(SolutionProperties) = preSolution
		HideSolutionNode = FALSE
	EndGlobalSection
	GlobalSection(ExtensibilityGlobals) = postSolution
		SolutionGuid = {F4382611-3BE6-409A-AB21-A998D96505F3}
	EndGlobalSection
EndGlobal
